
Microsoft Visual Studio Solution File, Format Version 12.00
# Visual Studio Version 17
VisualStudioVersion = 17.13.35825.156 d17.13
MinimumVisualStudioVersion = 10.0.40219.1
Project("{FAE04EC0-301F-11D3-BF4B-00C04F79EFBC}") = "To-Do-List", "To-Do-List.csproj", "{425EEE38-1F20-43B9-A94F-42CA9A9D3367}"
EndProject
Project("{FAE04EC0-301F-11D3-BF4B-00C04F79EFBC}") = "TaskManager", "..\TaskManager\TaskManager.csproj", "{E9A7B428-E4F2-4F56-B7A9-70C81FF7A9C8}"
EndProject
Project("{FAE04EC0-301F-11D3-BF4B-00C04F79EFBC}") = "DatabaseHelper", "..\DatabaseHelper\DatabaseHelper.csproj", "{FDE03409-EDF4-494B-9676-C490B79E08AA}"
EndProject
Global
	GlobalSection(SolutionConfigurationPlatforms) = preSolution
		Debug|Any CPU = Debug|Any CPU
		Release|Any CPU = Release|Any CPU
	EndGlobalSection
	GlobalSection(ProjectConfigurationPlatforms) = postSolution
		{425EEE38-1F20-43B9-A94F-42CA9A9D3367}.Debug|Any CPU.ActiveCfg = Debug|Any CPU
		{425EEE38-1F20-43B9-A94F-42CA9A9D3367}.Debug|Any CPU.Build.0 = Debug|Any CPU
		{425EEE38-1F20-43B9-A94F-42CA9A9D3367}.Release|Any CPU.ActiveCfg = Release|Any CPU
		{425EEE38-1F20-43B9-A94F-42CA9A9D3367}.Release|Any CPU.Build.0 = Release|Any CPU
		{E9A7B428-E4F2-4F56-B7A9-70C81FF7A9C8}.Debug|Any CPU.ActiveCfg = Debug|Any CPU
		{E9A7B428-E4F2-4F56-B7A9-70C81FF7A9C8}.Debug|Any CPU.Build.0 = Debug|Any CPU
		{E9A7B428-E4F2-4F56-B7A9-70C81FF7A9C8}.Release|Any CPU.ActiveCfg = Release|Any CPU
		{E9A7B428-E4F2-4F56-B7A9-70C81FF7A9C8}.Release|Any CPU.Build.0 = Release|Any CPU
		{FDE03409-EDF4-494B-9676-C490B79E08AA}.Debug|Any CPU.ActiveCfg = Debug|Any CPU
		{FDE03409-EDF4-494B-9676-C490B79E08AA}.Debug|Any CPU.Build.0 = Debug|Any CPU
		{FDE03409-EDF4-494B-9676-C490B79E08AA}.Release|Any CPU.ActiveCfg = Release|Any CPU
		{FDE03409-EDF4-494B-9676-C490B79E08AA}.Release|Any CPU.Build.0 = Release|Any CPU
	EndGlobalSection
	GlobalSection(SolutionProperties) = preSolution
		HideSolutionNode = FALSE
	EndGlobalSection
	GlobalSection(ExtensibilityGlobals) = postSolution
		SolutionGuid = {8B9953A2-338E-4AA2-BADA-DAF2A1807B3C}
	EndGlobalSection
EndGlobal
