
Microsoft Visual Studio Solution File, Format Version 12.00
# Visual Studio Version 17
VisualStudioVersion = 17.13.35825.156
MinimumVisualStudioVersion = 10.0.40219.1
Project("{FAE04EC0-301F-11D3-BF4B-00C04F79EFBC}") = "To-Do-List", "To-Do-List.csproj", "{425EEE38-1F20-43B9-A94F-42CA9A9D3367}"
EndProject
Project("{FAE04EC0-301F-11D3-BF4B-00C04F79EFBC}") = "DatabaseHelper1", "DatabaseHelper1\DatabaseHelper1.csproj", "{943D7C78-E26C-4E86-8EDD-FD27BD01719A}"
EndProject
Project("{FAE04EC0-301F-11D3-BF4B-00C04F79EFBC}") = "TaskManager1", "TaskManager1\TaskManager1.csproj", "{F96B0391-1F18-4E03-9BBE-CEA96E0BD99D}"
EndProject
Global
	GlobalSection(SolutionConfigurationPlatforms) = preSolution
		Debug|Any CPU = Debug|Any CPU
		Release|Any CPU = Release|Any CPU
	EndGlobalSection
	GlobalSection(ProjectConfigurationPlatforms) = postSolution
		{425EEE38-1F20-43B9-A94F-42CA9A9D3367}.Debug|Any CPU.ActiveCfg = Debug|Any CPU
		{425EEE38-1F20-43B9-A94F-42CA9A9D3367}.Debug|Any CPU.Build.0 = Debug|Any CPU
		{425EEE38-1F20-43B9-A94F-42CA9A9D3367}.Release|Any CPU.ActiveCfg = Release|Any CPU
		{425EEE38-1F20-43B9-A94F-42CA9A9D3367}.Release|Any CPU.Build.0 = Release|Any CPU
		{943D7C78-E26C-4E86-8EDD-FD27BD01719A}.Debug|Any CPU.ActiveCfg = Debug|Any CPU
		{943D7C78-E26C-4E86-8EDD-FD27BD01719A}.Debug|Any CPU.Build.0 = Debug|Any CPU
		{943D7C78-E26C-4E86-8EDD-FD27BD01719A}.Release|Any CPU.ActiveCfg = Release|Any CPU
		{943D7C78-E26C-4E86-8EDD-FD27BD01719A}.Release|Any CPU.Build.0 = Release|Any CPU
		{F96B0391-1F18-4E03-9BBE-CEA96E0BD99D}.Debug|Any CPU.ActiveCfg = Debug|Any CPU
		{F96B0391-1F18-4E03-9BBE-CEA96E0BD99D}.Debug|Any CPU.Build.0 = Debug|Any CPU
		{F96B0391-1F18-4E03-9BBE-CEA96E0BD99D}.Release|Any CPU.ActiveCfg = Release|Any CPU
		{F96B0391-1F18-4E03-9BBE-CEA96E0BD99D}.Release|Any CPU.Build.0 = Release|Any CPU
	EndGlobalSection
	GlobalSection(SolutionProperties) = preSolution
		HideSolutionNode = FALSE
	EndGlobalSection
	GlobalSection(ExtensibilityGlobals) = postSolution
		SolutionGuid = {8B9953A2-338E-4AA2-BADA-DAF2A1807B3C}
	EndGlobalSection
EndGlobal
